
Microsoft Visual Studio Solution File, Format Version 12.00
# Visual Studio Version 17
VisualStudioVersion = 17.0.32014.148
MinimumVisualStudioVersion = 10.0.40219.1
Project("{FAE04EC0-301F-11D3-BF4B-00C04F79EFBC}") = "oxinWebApp", "oxinWebApp\oxinWebApp.csproj", "{4B4E0835-3300-41C5-BBFB-1F06B83C6B74}"
EndProject
Project("{FAE04EC0-301F-11D3-BF4B-00C04F79EFBC}") = "be", "be\be.csproj", "{66C69000-F6F7-4CAD-911B-791D4A1A57E2}"
EndProject
Project("{FAE04EC0-301F-11D3-BF4B-00C04F79EFBC}") = "DAL", "DAL\DAL.csproj", "{45897870-A862-4814-B486-2452E8DB8071}"
EndProject
Project("{FAE04EC0-301F-11D3-BF4B-00C04F79EFBC}") = "BLL", "BLL\BLL.csproj", "{B2280878-3347-40F0-9262-EFEE0FA7CEF1}"
EndProject
Global
	GlobalSection(SolutionConfigurationPlatforms) = preSolution
		Debug|Any CPU = Debug|Any CPU
		Release|Any CPU = Release|Any CPU
	EndGlobalSection
	GlobalSection(ProjectConfigurationPlatforms) = postSolution
		{4B4E0835-3300-41C5-BBFB-1F06B83C6B74}.Debug|Any CPU.ActiveCfg = Debug|Any CPU
		{4B4E0835-3300-41C5-BBFB-1F06B83C6B74}.Debug|Any CPU.Build.0 = Debug|Any CPU
		{4B4E0835-3300-41C5-BBFB-1F06B83C6B74}.Release|Any CPU.ActiveCfg = Release|Any CPU
		{4B4E0835-3300-41C5-BBFB-1F06B83C6B74}.Release|Any CPU.Build.0 = Release|Any CPU
		{66C69000-F6F7-4CAD-911B-791D4A1A57E2}.Debug|Any CPU.ActiveCfg = Debug|Any CPU
		{66C69000-F6F7-4CAD-911B-791D4A1A57E2}.Debug|Any CPU.Build.0 = Debug|Any CPU
		{66C69000-F6F7-4CAD-911B-791D4A1A57E2}.Release|Any CPU.ActiveCfg = Release|Any CPU
		{66C69000-F6F7-4CAD-911B-791D4A1A57E2}.Release|Any CPU.Build.0 = Release|Any CPU
		{45897870-A862-4814-B486-2452E8DB8071}.Debug|Any CPU.ActiveCfg = Debug|Any CPU
		{45897870-A862-4814-B486-2452E8DB8071}.Debug|Any CPU.Build.0 = Debug|Any CPU
		{45897870-A862-4814-B486-2452E8DB8071}.Release|Any CPU.ActiveCfg = Release|Any CPU
		{45897870-A862-4814-B486-2452E8DB8071}.Release|Any CPU.Build.0 = Release|Any CPU
		{B2280878-3347-40F0-9262-EFEE0FA7CEF1}.Debug|Any CPU.ActiveCfg = Debug|Any CPU
		{B2280878-3347-40F0-9262-EFEE0FA7CEF1}.Debug|Any CPU.Build.0 = Debug|Any CPU
		{B2280878-3347-40F0-9262-EFEE0FA7CEF1}.Release|Any CPU.ActiveCfg = Release|Any CPU
		{B2280878-3347-40F0-9262-EFEE0FA7CEF1}.Release|Any CPU.Build.0 = Release|Any CPU
	EndGlobalSection
	GlobalSection(SolutionProperties) = preSolution
		HideSolutionNode = FALSE
	EndGlobalSection
	GlobalSection(ExtensibilityGlobals) = postSolution
		SolutionGuid = {B86DCEA9-D3CC-46D0-86EE-76639ABB90DB}
	EndGlobalSection
EndGlobal
